
Microsoft Visual Studio Solution File, Format Version 12.00
# Visual Studio Version 17
VisualStudioVersion = 17.10.35201.131
MinimumVisualStudioVersion = 10.0.40219.1
Project("{9A19103F-16F7-4668-BE54-9A1E7A4F7556}") = "WebApi", "WebApi\WebApi.csproj", "{BD585AAD-DA27-4633-881C-BAA74401C322}"
EndProject
Project("{FAE04EC0-301F-11D3-BF4B-00C04F79EFBC}") = "WebApi.Tests", "Tests\WebApi.Tests\WebApi.Tests.csproj", "{0AAA679E-8FC2-4B8C-8777-06F61DC92415}"
EndProject
Global
	GlobalSection(SolutionConfigurationPlatforms) = preSolution
		Debug|Any CPU = Debug|Any CPU
		Release|Any CPU = Release|Any CPU
	EndGlobalSection
	GlobalSection(ProjectConfigurationPlatforms) = postSolution
		{BD585AAD-DA27-4633-881C-BAA74401C322}.Debug|Any CPU.ActiveCfg = Debug|Any CPU
		{BD585AAD-DA27-4633-881C-BAA74401C322}.Debug|Any CPU.Build.0 = Debug|Any CPU
		{BD585AAD-DA27-4633-881C-BAA74401C322}.Release|Any CPU.ActiveCfg = Release|Any CPU
		{BD585AAD-DA27-4633-881C-BAA74401C322}.Release|Any CPU.Build.0 = Release|Any CPU
		{0AAA679E-8FC2-4B8C-8777-06F61DC92415}.Debug|Any CPU.ActiveCfg = Debug|Any CPU
		{0AAA679E-8FC2-4B8C-8777-06F61DC92415}.Debug|Any CPU.Build.0 = Debug|Any CPU
		{0AAA679E-8FC2-4B8C-8777-06F61DC92415}.Release|Any CPU.ActiveCfg = Release|Any CPU
		{0AAA679E-8FC2-4B8C-8777-06F61DC92415}.Release|Any CPU.Build.0 = Release|Any CPU
	EndGlobalSection
	GlobalSection(SolutionProperties) = preSolution
		HideSolutionNode = FALSE
	EndGlobalSection
	GlobalSection(ExtensibilityGlobals) = postSolution
		SolutionGuid = {00FE6E0E-48C1-46D3-9052-F19DF735C417}
	EndGlobalSection
EndGlobal
